
Microsoft Visual Studio Solution File, Format Version 12.00
# Visual Studio Version 16
VisualStudioVersion = 16.0.32413.511
MinimumVisualStudioVersion = 10.0.40219.1
Project("{FAE04EC0-301F-11D3-BF4B-00C04F79EFBC}") = "purchased_items", "purchased_items\purchased_items.csproj", "{3B6157F6-8B89-4E8B-97DD-9400B6ED450D}"
EndProject
Global
	GlobalSection(SolutionConfigurationPlatforms) = preSolution
		Debug|Any CPU = Debug|Any CPU
		Release|Any CPU = Release|Any CPU
	EndGlobalSection
	GlobalSection(ProjectConfigurationPlatforms) = postSolution
		{3B6157F6-8B89-4E8B-97DD-9400B6ED450D}.Debug|Any CPU.ActiveCfg = Debug|Any CPU
		{3B6157F6-8B89-4E8B-97DD-9400B6ED450D}.Debug|Any CPU.Build.0 = Debug|Any CPU
		{3B6157F6-8B89-4E8B-97DD-9400B6ED450D}.Release|Any CPU.ActiveCfg = Release|Any CPU
		{3B6157F6-8B89-4E8B-97DD-9400B6ED450D}.Release|Any CPU.Build.0 = Release|Any CPU
	EndGlobalSection
	GlobalSection(SolutionProperties) = preSolution
		HideSolutionNode = FALSE
	EndGlobalSection
	GlobalSection(ExtensibilityGlobals) = postSolution
		SolutionGuid = {B122A276-FF00-42E6-96A6-527AF8FD7628}
	EndGlobalSection
EndGlobal
